
Microsoft Visual Studio Solution File, Format Version 12.00
Project("{FAE04EC0-301F-11D3-BF4B-00C04F79EFBC}") = "EmployeeGetter.Plugin", "EmployeeGetter.Plugin\EmployeeGetter.Plugin.csproj", "{C9D694B5-0FAE-4290-9D15-9D16AF00BC1D}"
EndProject
Global
	GlobalSection(SolutionConfigurationPlatforms) = preSolution
		Debug|Any CPU = Debug|Any CPU
		Release|Any CPU = Release|Any CPU
	EndGlobalSection
	GlobalSection(ProjectConfigurationPlatforms) = postSolution
		{C9D694B5-0FAE-4290-9D15-9D16AF00BC1D}.Debug|Any CPU.ActiveCfg = Debug|Any CPU
		{C9D694B5-0FAE-4290-9D15-9D16AF00BC1D}.Debug|Any CPU.Build.0 = Debug|Any CPU
		{C9D694B5-0FAE-4290-9D15-9D16AF00BC1D}.Release|Any CPU.ActiveCfg = Release|Any CPU
		{C9D694B5-0FAE-4290-9D15-9D16AF00BC1D}.Release|Any CPU.Build.0 = Release|Any CPU
	EndGlobalSection
EndGlobal
